github.com/free5gc/sctp v1.0.1 h1:g8WDO97r8B9ubkT5Hyk9b4I1fZUOii9Z39gQ2eRaASo=
github.com/free5gc/sctp v1.0.1/go.mod h1:7QXfRWCmlkBGD0EIu3qL5o71bslfIakydz4h2QDZdjQ=
github.com/pkg/errors v0.9.1 h1:FEBLx1zS214owpjy7qsBeixbURkuhQAwrK5UwLGTwt4=
github.com/pkg/errors v0.9.1/go.mod h1:bwawxfHBFNV+L2hUp1rHADufV3IMtnDRdf1r5NINEl0=
